// !$*UTF8*$!
{
	archiveVersion = 1;
	classes = {
	};
	objectVersion = 51;
	objects = {

/* Begin PBXBuildFile section */
		13DE1463C6C543EB740B802C /* Pods_VersiAppRxDemo.framework in Frameworks */ = {isa = PBXBuildFile; fileRef = 6FF60747EFA6656CF117D036 /* Pods_VersiAppRxDemo.framework */; };
		A710496A260666A20090E8C8 /* AppDelegate.swift in Sources */ = {isa = PBXBuildFile; fileRef = A7104969260666A20090E8C8 /* AppDelegate.swift */; };
		A710496C260666A20090E8C8 /* SceneDelegate.swift in Sources */ = {isa = PBXBuildFile; fileRef = A710496B260666A20090E8C8 /* SceneDelegate.swift */; };
		A710496E260666A20090E8C8 /* TrendingVC.swift in Sources */ = {isa = PBXBuildFile; fileRef = A710496D260666A20090E8C8 /* TrendingVC.swift */; };
		A7104971260666A20090E8C8 /* Main.storyboard in Resources */ = {isa = PBXBuildFile; fileRef = A710496F260666A20090E8C8 /* Main.storyboard */; };
		A7104973260666A60090E8C8 /* Assets.xcassets in Resources */ = {isa = PBXBuildFile; fileRef = A7104972260666A60090E8C8 /* Assets.xcassets */; };
		A7104976260666A60090E8C8 /* LaunchScreen.storyboard in Resources */ = {isa = PBXBuildFile; fileRef = A7104974260666A60090E8C8 /* LaunchScreen.storyboard */; };
		A7104984260668B90090E8C8 /* SearchVC.swift in Sources */ = {isa = PBXBuildFile; fileRef = A7104983260668B90090E8C8 /* SearchVC.swift */; };
		A71049962606902F0090E8C8 /* RoundedButton.swift in Sources */ = {isa = PBXBuildFile; fileRef = A71049952606902F0090E8C8 /* RoundedButton.swift */; };
		A710499A260690DC0090E8C8 /* RounderTextField.swift in Sources */ = {isa = PBXBuildFile; fileRef = A7104999260690DC0090E8C8 /* RounderTextField.swift */; };
		A71049A926069E420090E8C8 /* Repos.swift in Sources */ = {isa = PBXBuildFile; fileRef = A71049A826069E420090E8C8 /* Repos.swift */; };
		A71049AD2606A1480090E8C8 /* TrendingRepoCell.swift in Sources */ = {isa = PBXBuildFile; fileRef = A71049AC2606A1480090E8C8 /* TrendingRepoCell.swift */; };
/* End PBXBuildFile section */

/* Begin PBXFileReference section */
		350F71FF431898EC9267F48D /* Pods-VersiAppRxDemo.release.xcconfig */ = {isa = PBXFileReference; includeInIndex = 1; lastKnownFileType = text.xcconfig; name = "Pods-VersiAppRxDemo.release.xcconfig"; path = "Target Support Files/Pods-VersiAppRxDemo/Pods-VersiAppRxDemo.release.xcconfig"; sourceTree = "<group>"; };
		6FF60747EFA6656CF117D036 /* Pods_VersiAppRxDemo.framework */ = {isa = PBXFileReference; explicitFileType = wrapper.framework; includeInIndex = 0; path = Pods_VersiAppRxDemo.framework; sourceTree = BUILT_PRODUCTS_DIR; };
		A7104966260666A20090E8C8 /* VersiAppRxDemo.app */ = {isa = PBXFileReference; explicitFileType = wrapper.application; includeInIndex = 0; path = VersiAppRxDemo.app; sourceTree = BUILT_PRODUCTS_DIR; };
		A7104969260666A20090E8C8 /* AppDelegate.swift */ = {isa = PBXFileReference; lastKnownFileType = sourcecode.swift; path = AppDelegate.swift; sourceTree = "<group>"; };
		A710496B260666A20090E8C8 /* SceneDelegate.swift */ = {isa = PBXFileReference; lastKnownFileType = sourcecode.swift; path = SceneDelegate.swift; sourceTree = "<group>"; };
		A710496D260666A20090E8C8 /* TrendingVC.swift */ = {isa = PBXFileReference; lastKnownFileType = sourcecode.swift; path = TrendingVC.swift; sourceTree = "<group>"; };
		A7104970260666A20090E8C8 /* Base */ = {isa = PBXFileReference; lastKnownFileType = file.storyboard; name = Base; path = Base.lproj/Main.storyboard; sourceTree = "<group>"; };
		A7104972260666A60090E8C8 /* Assets.xcassets */ = {isa = PBXFileReference; lastKnownFileType = folder.assetcatalog; path = Assets.xcassets; sourceTree = "<group>"; };
		A7104975260666A60090E8C8 /* Base */ = {isa = PBXFileReference; lastKnownFileType = file.storyboard; name = Base; path = Base.lproj/LaunchScreen.storyboard; sourceTree = "<group>"; };
		A7104977260666A60090E8C8 /* Info.plist */ = {isa = PBXFileReference; lastKnownFileType = text.plist.xml; path = Info.plist; sourceTree = "<group>"; };
		A7104983260668B90090E8C8 /* SearchVC.swift */ = {isa = PBXFileReference; lastKnownFileType = sourcecode.swift; path = SearchVC.swift; sourceTree = "<group>"; };
		A71049952606902F0090E8C8 /* RoundedButton.swift */ = {isa = PBXFileReference; lastKnownFileType = sourcecode.swift; path = RoundedButton.swift; sourceTree = "<group>"; };
		A7104999260690DC0090E8C8 /* RounderTextField.swift */ = {isa = PBXFileReference; lastKnownFileType = sourcecode.swift; path = RounderTextField.swift; sourceTree = "<group>"; };
		A71049A826069E420090E8C8 /* Repos.swift */ = {isa = PBXFileReference; lastKnownFileType = sourcecode.swift; path = Repos.swift; sourceTree = "<group>"; };
		A71049AC2606A1480090E8C8 /* TrendingRepoCell.swift */ = {isa = PBXFileReference; lastKnownFileType = sourcecode.swift; path = TrendingRepoCell.swift; sourceTree = "<group>"; };
		EE9DB5F8778AF2A3D170DEB4 /* Pods-VersiAppRxDemo.debug.xcconfig */ = {isa = PBXFileReference; includeInIndex = 1; lastKnownFileType = text.xcconfig; name = "Pods-VersiAppRxDemo.debug.xcconfig"; path = "Target Support Files/Pods-VersiAppRxDemo/Pods-VersiAppRxDemo.debug.xcconfig"; sourceTree = "<group>"; };
/* End PBXFileReference section */

/* Begin PBXFrameworksBuildPhase section */
		A7104963260666A10090E8C8 /* Frameworks */ = {
			isa = PBXFrameworksBuildPhase;
			buildActionMask = 2147483647;
			files = (
				13DE1463C6C543EB740B802C /* Pods_VersiAppRxDemo.framework in Frameworks */,
			);
			runOnlyForDeploymentPostprocessing = 0;
		};
/* End PBXFrameworksBuildPhase section */

/* Begin PBXGroup section */
		149DECA96F6FEDB4B1AB4780 /* Pods */ = {
			isa = PBXGroup;
			children = (
				EE9DB5F8778AF2A3D170DEB4 /* Pods-VersiAppRxDemo.debug.xcconfig */,
				350F71FF431898EC9267F48D /* Pods-VersiAppRxDemo.release.xcconfig */,
			);
			path = Pods;
			sourceTree = "<group>";
		};
		98FFD324618F07EE1C829A50 /* Frameworks */ = {
			isa = PBXGroup;
			children = (
				6FF60747EFA6656CF117D036 /* Pods_VersiAppRxDemo.framework */,
			);
			name = Frameworks;
			sourceTree = "<group>";
		};
		A710495D260666A10090E8C8 = {
			isa = PBXGroup;
			children = (
				A7104968260666A20090E8C8 /* VersiAppRxDemo */,
				A7104977260666A60090E8C8 /* Info.plist */,
				A7104967260666A20090E8C8 /* Products */,
				149DECA96F6FEDB4B1AB4780 /* Pods */,
				98FFD324618F07EE1C829A50 /* Frameworks */,
			);
			sourceTree = "<group>";
		};
		A7104967260666A20090E8C8 /* Products */ = {
			isa = PBXGroup;
			children = (
				A7104966260666A20090E8C8 /* VersiAppRxDemo.app */,
			);
			name = Products;
			sourceTree = "<group>";
		};
		A7104968260666A20090E8C8 /* VersiAppRxDemo */ = {
			isa = PBXGroup;
			children = (
				A71049A726069E2F0090E8C8 /* Models */,
				A710499426068FF60090E8C8 /* CustomViews */,
				A710499126068C790090E8C8 /* Controllers */,
				A710499026068C710090E8C8 /* Cells */,
				A710499226068C830090E8C8 /* Supporte */,
				A710496F260666A20090E8C8 /* Main.storyboard */,
			);
			path = VersiAppRxDemo;
			sourceTree = "<group>";
		};
		A710499026068C710090E8C8 /* Cells */ = {
			isa = PBXGroup;
			children = (
				A71049AC2606A1480090E8C8 /* TrendingRepoCell.swift */,
			);
			path = Cells;
			sourceTree = "<group>";
		};
		A710499126068C790090E8C8 /* Controllers */ = {
			isa = PBXGroup;
			children = (
				A7104983260668B90090E8C8 /* SearchVC.swift */,
				A710496D260666A20090E8C8 /* TrendingVC.swift */,
			);
			path = Controllers;
			sourceTree = "<group>";
		};
		A710499226068C830090E8C8 /* Supporte */ = {
			isa = PBXGroup;
			children = (
				A7104969260666A20090E8C8 /* AppDelegate.swift */,
				A710496B260666A20090E8C8 /* SceneDelegate.swift */,
				A7104974260666A60090E8C8 /* LaunchScreen.storyboard */,
				A7104972260666A60090E8C8 /* Assets.xcassets */,
			);
			path = Supporte;
			sourceTree = "<group>";
		};
		A710499426068FF60090E8C8 /* CustomViews */ = {
			isa = PBXGroup;
			children = (
				A71049952606902F0090E8C8 /* RoundedButton.swift */,
				A7104999260690DC0090E8C8 /* RounderTextField.swift */,
			);
			path = CustomViews;
			sourceTree = "<group>";
		};
		A71049A726069E2F0090E8C8 /* Models */ = {
			isa = PBXGroup;
			children = (
				A71049A826069E420090E8C8 /* Repos.swift */,
			);
			path = Models;
			sourceTree = "<group>";
		};
/* End PBXGroup section */

/* Begin PBXNativeTarget section */
		A7104965260666A10090E8C8 /* VersiAppRxDemo */ = {
			isa = PBXNativeTarget;
			buildConfigurationList = A710497A260666A60090E8C8 /* Build configuration list for PBXNativeTarget "VersiAppRxDemo" */;
			buildPhases = (
				FEDF1C60990F6373BD819AFE /* [CP] Check Pods Manifest.lock */,
				A7104962260666A10090E8C8 /* Sources */,
				A7104963260666A10090E8C8 /* Frameworks */,
				A7104964260666A10090E8C8 /* Resources */,
				6F0AA4A2A3F585839A514BF7 /* [CP] Embed Pods Frameworks */,
			);
			buildRules = (
			);
			dependencies = (
			);
			name = VersiAppRxDemo;
			productName = VersiAppRxDemo;
			productReference = A7104966260666A20090E8C8 /* VersiAppRxDemo.app */;
			productType = "com.apple.product-type.application";
		};
/* End PBXNativeTarget section */

/* Begin PBXProject section */
		A710495E260666A10090E8C8 /* Project object */ = {
			isa = PBXProject;
			attributes = {
				LastSwiftUpdateCheck = 1240;
				LastUpgradeCheck = 1240;
				TargetAttributes = {
					A7104965260666A10090E8C8 = {
						CreatedOnToolsVersion = 12.4;
					};
				};
			};
			buildConfigurationList = A7104961260666A10090E8C8 /* Build configuration list for PBXProject "VersiAppRxDemo" */;
			compatibilityVersion = "Xcode 9.3";
			developmentRegion = en;
			hasScannedForEncodings = 0;
			knownRegions = (
				en,
				Base,
			);
			mainGroup = A710495D260666A10090E8C8;
			productRefGroup = A7104967260666A20090E8C8 /* Products */;
			projectDirPath = "";
			projectRoot = "";
			targets = (
				A7104965260666A10090E8C8 /* VersiAppRxDemo */,
			);
		};
/* End PBXProject section */

/* Begin PBXResourcesBuildPhase section */
		A7104964260666A10090E8C8 /* Resources */ = {
			isa = PBXResourcesBuildPhase;
			buildActionMask = 2147483647;
			files = (
				A7104976260666A60090E8C8 /* LaunchScreen.storyboard in Resources */,
				A7104973260666A60090E8C8 /* Assets.xcassets in Resources */,
				A7104971260666A20090E8C8 /* Main.storyboard in Resources */,
			);
			runOnlyForDeploymentPostprocessing = 0;
		};
/* End PBXResourcesBuildPhase section */

/* Begin PBXShellScriptBuildPhase section */
		6F0AA4A2A3F585839A514BF7 /* [CP] Embed Pods Frameworks */ = {
			isa = PBXShellScriptBuildPhase;
			buildActionMask = 2147483647;
			files = (
			);
			inputFileListPaths = (
				"${PODS_ROOT}/Target Support Files/Pods-VersiAppRxDemo/Pods-VersiAppRxDemo-frameworks-${CONFIGURATION}-input-files.xcfilelist",
			);
			name = "[CP] Embed Pods Frameworks";
			outputFileListPaths = (
				"${PODS_ROOT}/Target Support Files/Pods-VersiAppRxDemo/Pods-VersiAppRxDemo-frameworks-${CONFIGURATION}-output-files.xcfilelist",
			);
			runOnlyForDeploymentPostprocessing = 0;
			shellPath = /bin/sh;
			shellScript = "\"${PODS_ROOT}/Target Support Files/Pods-VersiAppRxDemo/Pods-VersiAppRxDemo-frameworks.sh\"\n";
			showEnvVarsInLog = 0;
		};
		FEDF1C60990F6373BD819AFE /* [CP] Check Pods Manifest.lock */ = {
			isa = PBXShellScriptBuildPhase;
			buildActionMask = 2147483647;
			files = (
			);
			inputFileListPaths = (
			);
			inputPaths = (
				"${PODS_PODFILE_DIR_PATH}/Podfile.lock",
				"${PODS_ROOT}/Manifest.lock",
			);
			name = "[CP] Check Pods Manifest.lock";
			outputFileListPaths = (
			);
			outputPaths = (
				"$(DERIVED_FILE_DIR)/Pods-VersiAppRxDemo-checkManifestLockResult.txt",
			);
			runOnlyForDeploymentPostprocessing = 0;
			shellPath = /bin/sh;
			shellScript = "diff \"${PODS_PODFILE_DIR_PATH}/Podfile.lock\" \"${PODS_ROOT}/Manifest.lock\" > /dev/null\nif [ $? != 0 ] ; then\n    # print error to STDERR\n    echo \"error: The sandbox is not in sync with the Podfile.lock. Run 'pod install' or update your CocoaPods installation.\" >&2\n    exit 1\nfi\n# This output is used by Xcode 'outputs' to avoid re-running this script phase.\necho \"SUCCESS\" > \"${SCRIPT_OUTPUT_FILE_0}\"\n";
			showEnvVarsInLog = 0;
		};
/* End PBXShellScriptBuildPhase section */

/* Begin PBXSourcesBuildPhase section */
		A7104962260666A10090E8C8 /* Sources */ = {
			isa = PBXSourcesBuildPhase;
			buildActionMask = 2147483647;
			files = (
				A7104984260668B90090E8C8 /* SearchVC.swift in Sources */,
				A710499A260690DC0090E8C8 /* RounderTextField.swift in Sources */,
				A71049AD2606A1480090E8C8 /* TrendingRepoCell.swift in Sources */,
				A71049962606902F0090E8C8 /* RoundedButton.swift in Sources */,
				A710496E260666A20090E8C8 /* TrendingVC.swift in Sources */,
				A710496A260666A20090E8C8 /* AppDelegate.swift in Sources */,
				A710496C260666A20090E8C8 /* SceneDelegate.swift in Sources */,
				A71049A926069E420090E8C8 /* Repos.swift in Sources */,
			);
			runOnlyForDeploymentPostprocessing = 0;
		};
/* End PBXSourcesBuildPhase section */

/* Begin PBXVariantGroup section */
		A710496F260666A20090E8C8 /* Main.storyboard */ = {
			isa = PBXVariantGroup;
			children = (
				A7104970260666A20090E8C8 /* Base */,
			);
			name = Main.storyboard;
			sourceTree = "<group>";
		};
		A7104974260666A60090E8C8 /* LaunchScreen.storyboard */ = {
			isa = PBXVariantGroup;
			children = (
				A7104975260666A60090E8C8 /* Base */,
			);
			name = LaunchScreen.storyboard;
			sourceTree = "<group>";
		};
/* End PBXVariantGroup section */

/* Begin XCBuildConfiguration section */
		A7104978260666A60090E8C8 /* Debug */ = {
			isa = XCBuildConfiguration;
			buildSettings = {
				ALWAYS_SEARCH_USER_PATHS = NO;
				CLANG_ANALYZER_NONNULL = YES;
				CLANG_ANALYZER_NUMBER_OBJECT_CONVERSION = YES_AGGRESSIVE;
				CLANG_CXX_LANGUAGE_STANDARD = "gnu++14";
				CLANG_CXX_LIBRARY = "libc++";
				CLANG_ENABLE_MODULES = YES;
				CLANG_ENABLE_OBJC_ARC = YES;
				CLANG_ENABLE_OBJC_WEAK = YES;
				CLANG_WARN_BLOCK_CAPTURE_AUTORELEASING = YES;
				CLANG_WARN_BOOL_CONVERSION = YES;
				CLANG_WARN_COMMA = YES;
				CLANG_WARN_CONSTANT_CONVERSION = YES;
				CLANG_WARN_DEPRECATED_OBJC_IMPLEMENTATIONS = YES;
				CLANG_WARN_DIRECT_OBJC_ISA_USAGE = YES_ERROR;
				CLANG_WARN_DOCUMENTATION_COMMENTS = YES;
				CLANG_WARN_EMPTY_BODY = YES;
				CLANG_WARN_ENUM_CONVERSION = YES;
				CLANG_WARN_INFINITE_RECURSION = YES;
				CLANG_WARN_INT_CONVERSION = YES;
				CLANG_WARN_NON_LITERAL_NULL_CONVERSION = YES;
				CLANG_WARN_OBJC_IMPLICIT_RETAIN_SELF = YES;
				CLANG_WARN_OBJC_LITERAL_CONVERSION = YES;
				CLANG_WARN_OBJC_ROOT_CLASS = YES_ERROR;
				CLANG_WARN_QUOTED_INCLUDE_IN_FRAMEWORK_HEADER = YES;
				CLANG_WARN_RANGE_LOOP_ANALYSIS = YES;
				CLANG_WARN_STRICT_PROTOTYPES = YES;
				CLANG_WARN_SUSPICIOUS_MOVE = YES;
				CLANG_WARN_UNGUARDED_AVAILABILITY = YES_AGGRESSIVE;
				CLANG_WARN_UNREACHABLE_CODE = YES;
				CLANG_WARN__DUPLICATE_METHOD_MATCH = YES;
				COPY_PHASE_STRIP = NO;
				DEBUG_INFORMATION_FORMAT = dwarf;
				ENABLE_STRICT_OBJC_MSGSEND = YES;
				ENABLE_TESTABILITY = YES;
				GCC_C_LANGUAGE_STANDARD = gnu11;
				GCC_DYNAMIC_NO_PIC = NO;
				GCC_NO_COMMON_BLOCKS = YES;
				GCC_OPTIMIZATION_LEVEL = 0;
				GCC_PREPROCESSOR_DEFINITIONS = (
					"DEBUG=1",
					"$(inherited)",
				);
				GCC_WARN_64_TO_32_BIT_CONVERSION = YES;
				GCC_WARN_ABOUT_RETURN_TYPE = YES_ERROR;
				GCC_WARN_UNDECLARED_SELECTOR = YES;
				GCC_WARN_UNINITIALIZED_AUTOS = YES_AGGRESSIVE;
				GCC_WARN_UNUSED_FUNCTION = YES;
				GCC_WARN_UNUSED_VARIABLE = YES;
				IPHONEOS_DEPLOYMENT_TARGET = 14.4;
				MTL_ENABLE_DEBUG_INFO = INCLUDE_SOURCE;
				MTL_FAST_MATH = YES;
				ONLY_ACTIVE_ARCH = YES;
				SDKROOT = iphoneos;
				SWIFT_ACTIVE_COMPILATION_CONDITIONS = DEBUG;
				SWIFT_OPTIMIZATION_LEVEL = "-Onone";
			};
			name = Debug;
		};
		A7104979260666A60090E8C8 /* Release */ = {
			isa = XCBuildConfiguration;
			buildSettings = {
				ALWAYS_SEARCH_USER_PATHS = NO;
				CLANG_ANALYZER_NONNULL = YES;
				CLANG_ANALYZER_NUMBER_OBJECT_CONVERSION = YES_AGGRESSIVE;
				CLANG_CXX_LANGUAGE_STANDARD = "gnu++14";
				CLANG_CXX_LIBRARY = "libc++";
				CLANG_ENABLE_MODULES = YES;
				CLANG_ENABLE_OBJC_ARC = YES;
				CLANG_ENABLE_OBJC_WEAK = YES;
				CLANG_WARN_BLOCK_CAPTURE_AUTORELEASING = YES;
				CLANG_WARN_BOOL_CONVERSION = YES;
				CLANG_WARN_COMMA = YES;
				CLANG_WARN_CONSTANT_CONVERSION = YES;
				CLANG_WARN_DEPRECATED_OBJC_IMPLEMENTATIONS = YES;
				CLANG_WARN_DIRECT_OBJC_ISA_USAGE = YES_ERROR;
				CLANG_WARN_DOCUMENTATION_COMMENTS = YES;
				CLANG_WARN_EMPTY_BODY = YES;
				CLANG_WARN_ENUM_CONVERSION = YES;
				CLANG_WARN_INFINITE_RECURSION = YES;
				CLANG_WARN_INT_CONVERSION = YES;
				CLANG_WARN_NON_LITERAL_NULL_CONVERSION = YES;
				CLANG_WARN_OBJC_IMPLICIT_RETAIN_SELF = YES;
				CLANG_WARN_OBJC_LITERAL_CONVERSION = YES;
				CLANG_WARN_OBJC_ROOT_CLASS = YES_ERROR;
				CLANG_WARN_QUOTED_INCLUDE_IN_FRAMEWORK_HEADER = YES;
				CLANG_WARN_RANGE_LOOP_ANALYSIS = YES;
				CLANG_WARN_STRICT_PROTOTYPES = YES;
				CLANG_WARN_SUSPICIOUS_MOVE = YES;
				CLANG_WARN_UNGUARDED_AVAILABILITY = YES_AGGRESSIVE;
				CLANG_WARN_UNREACHABLE_CODE = YES;
				CLANG_WARN__DUPLICATE_METHOD_MATCH = YES;
				COPY_PHASE_STRIP = NO;
				DEBUG_INFORMATION_FORMAT = "dwarf-with-dsym";
				ENABLE_NS_ASSERTIONS = NO;
				ENABLE_STRICT_OBJC_MSGSEND = YES;
				GCC_C_LANGUAGE_STANDARD = gnu11;
				GCC_NO_COMMON_BLOCKS = YES;
				GCC_WARN_64_TO_32_BIT_CONVERSION = YES;
				GCC_WARN_ABOUT_RETURN_TYPE = YES_ERROR;
				GCC_WARN_UNDECLARED_SELECTOR = YES;
				GCC_WARN_UNINITIALIZED_AUTOS = YES_AGGRESSIVE;
				GCC_WARN_UNUSED_FUNCTION = YES;
				GCC_WARN_UNUSED_VARIABLE = YES;
				IPHONEOS_DEPLOYMENT_TARGET = 14.4;
				MTL_ENABLE_DEBUG_INFO = NO;
				MTL_FAST_MATH = YES;
				SDKROOT = iphoneos;
				SWIFT_COMPILATION_MODE = wholemodule;
				SWIFT_OPTIMIZATION_LEVEL = "-O";
				VALIDATE_PRODUCT = YES;
			};
			name = Release;
		};
		A710497B260666A60090E8C8 /* Debug */ = {
			isa = XCBuildConfiguration;
			baseConfigurationReference = EE9DB5F8778AF2A3D170DEB4 /* Pods-VersiAppRxDemo.debug.xcconfig */;
			buildSettings = {
				ASSETCATALOG_COMPILER_APPICON_NAME = AppIcon;
				ASSETCATALOG_COMPILER_GLOBAL_ACCENT_COLOR_NAME = AccentColor;
				CODE_SIGN_STYLE = Automatic;
				DEVELOPMENT_TEAM = 868AXWRZ85;
				INFOPLIST_FILE = VersiAppRxDemo/Info.plist;
				LD_RUNPATH_SEARCH_PATHS = (
					"$(inherited)",
					"@executable_path/Frameworks",
				);
				PRODUCT_BUNDLE_IDENTIFIER = com.kasper.RxSwift.VersiAppRxDemo;
				PRODUCT_NAME = "$(TARGET_NAME)";
				SWIFT_VERSION = 5.0;
				TARGETED_DEVICE_FAMILY = "1,2";
			};
			name = Debug;
		};
		A710497C260666A60090E8C8 /* Release */ = {
			isa = XCBuildConfiguration;
			baseConfigurationReference = 350F71FF431898EC9267F48D /* Pods-VersiAppRxDemo.release.xcconfig */;
			buildSettings = {
				ASSETCATALOG_COMPILER_APPICON_NAME = AppIcon;
				ASSETCATALOG_COMPILER_GLOBAL_ACCENT_COLOR_NAME = AccentColor;
				CODE_SIGN_STYLE = Automatic;
				DEVELOPMENT_TEAM = 868AXWRZ85;
				INFOPLIST_FILE = VersiAppRxDemo/Info.plist;
				LD_RUNPATH_SEARCH_PATHS = (
					"$(inherited)",
					"@executable_path/Frameworks",
				);
				PRODUCT_BUNDLE_IDENTIFIER = com.kasper.RxSwift.VersiAppRxDemo;
				PRODUCT_NAME = "$(TARGET_NAME)";
				SWIFT_VERSION = 5.0;
				TARGETED_DEVICE_FAMILY = "1,2";
			};
			name = Release;
		};
/* End XCBuildConfiguration section */

/* Begin XCConfigurationList section */
		A7104961260666A10090E8C8 /* Build configuration list for PBXProject "VersiAppRxDemo" */ = {
			isa = XCConfigurationList;
			buildConfigurations = (
				A7104978260666A60090E8C8 /* Debug */,
				A7104979260666A60090E8C8 /* Release */,
			);
			defaultConfigurationIsVisible = 0;
			defaultConfigurationName = Release;
		};
		A710497A260666A60090E8C8 /* Build configuration list for PBXNativeTarget "VersiAppRxDemo" */ = {
			isa = XCConfigurationList;
			buildConfigurations = (
				A710497B260666A60090E8C8 /* Debug */,
				A710497C260666A60090E8C8 /* Release */,
			);
			defaultConfigurationIsVisible = 0;
			defaultConfigurationName = Release;
		};
/* End XCConfigurationList section */
	};
	rootObject = A710495E260666A10090E8C8 /* Project object */;
}
